# Every third-party file baked into the image: what it is, where it comes from,
# and the sha256 it must have. scripts/fetch-artifacts.sh downloads each one
# and fails the build on any mismatch, so a changed upstream file can't reach
# the server unreviewed.
#
# One artifact per line, whitespace-separated:
#   <kind> <name> <version> <sha256> <url>
#
# kind      server (the one Paper jar) | plugin | datapack | library
# name      for a plugin, the name it declares and the server reports. The
#           smoke test requires a plugin by this name to enable, and its config
#           folder under plugins/ is this name too.
#           For a datapack, the file name in the world's datapacks folder. A new
#           world enables them in name order, and a later pack overrides an
#           earlier one wherever both define the same file, so the numeric
#           prefix sets precedence: the Dungeons and Taverns overhauls sit
#           above the main pack, and the enchant disabler above all of them.
#           Only for a new world: a pack added to an existing one is enabled
#           above all the rest, whatever its prefix.
#           For a library, any name: libraries are what the repo's own plugins
#           in plugin-src/ compile against, and none of them goes in the image.
#
# Removing a worldgen datapack (Tectonic, Dungeons and Taverns and its
# overhauls) from an existing world breaks the terrain and structures it
# generated. Add them only before the world is first generated.
#
# Changing a line is a version bump: update version, sha256 and url together.

server  paper          26.2-129      b1d8f6bfa1b6101fa8e947b53041cb3bdf5540e7b83b6547ca19ba7edefeb083  https://fill-data.papermc.io/v1/objects/b1d8f6bfa1b6101fa8e947b53041cb3bdf5540e7b83b6547ca19ba7edefeb083/paper-26.2-129.jar

plugin  Geyser-Spigot  2.11.3-1247   6fed2d9711e2db3c365508ec10db36d06a0199abd226159d23d57f82662fd7a6  https://download.geysermc.org/v2/projects/geyser/versions/2.11.3/builds/1247/downloads/spigot
plugin  floodgate      2.2.5-141     21570aff9ce17d6983928e8552777760e1ede5050026b04c686b0ae112e6fd7e  https://download.geysermc.org/v2/projects/floodgate/versions/2.2.5/builds/141/downloads/spigot
plugin  Chunky         1.5.3         530d2c7430a96a39957391b7088be144daa3108f7665896d1c23aa8dd4af32f3  https://cdn.modrinth.com/data/fALzjamp/versions/MdY6JATr/Chunky-Bukkit-1.5.3.jar
plugin  ViaVersion     5.12.0           c4d512fa9760fa41d17abaedde12aa1f4c9bde920d0a992fe0fc016962f126be  https://cdn.modrinth.com/data/P1OZGk5p/versions/FaishMnD/ViaVersion-5.12.0.jar
plugin  ViaBackwards   5.12.0           f902f7da7eb99e8bfaf461f80283c4e2750b7d9727e6b508ea4bb9163f55b1db  https://cdn.modrinth.com/data/NpvuJQoq/versions/SxGhdsPK/ViaBackwards-5.12.0.jar
plugin  LuckPerms      v5.5.71-bukkit   49cecb66fa1fd22a133039a490e9c1e5095a238e7cd66eb9d2a16fe6c897550d  https://cdn.modrinth.com/data/Vebnzrzj/versions/b0mk8uS6/LuckPerms-Bukkit-5.5.71.jar
plugin  ClickVillagers  paper-1.6.3      6cacfaa07f113e6ad5230d7efba5963dfb6a45d018196a186fa81d251bbab686  https://cdn.modrinth.com/data/BITzwT7B/versions/iMS3EoIW/ClickVillagers-paper-1.6.3.jar
plugin  GrimAC         2.3.74-abb95b6   d33eed30bfd5c6eb54176b197c9c51018ba0916d7b056e0530ab183ac1a3d590  https://cdn.modrinth.com/data/LJNGWSvH/versions/YJEwvStg/grimac-bukkit-2.3.74-abb95b6.jar
plugin  voicechat      bukkit-2.6.24    af3d4e2ad318d3065959248c1370ae32a619752cb4d2a4fec2f7a79b10067769  https://cdn.modrinth.com/data/9eGKb6K1/versions/EJth3OAr/voicechat-bukkit-2.6.24.jar
plugin  WorldEdit      7.4.5            e5696a6d064b9969437a8888be91b0941148a28e0c3736de1554a00254a5d142  https://cdn.modrinth.com/data/1u6JkXh5/versions/F5ea2ov3/worldedit-bukkit-7.4.5.jar
plugin  WorldGuard     7.0.19           396df065f1cf38bab9878a0f53a776d5a085ebbf3c41813938b73f95d4eaca03  https://cdn.modrinth.com/data/DKY9btbd/versions/TtfwTyi6/worldguard-bukkit-7.0.19.jar
plugin  TradeCycle     2.1.0            4ee533db5ef8241f58ebe8eff8befc02043142ea5879e26989fbf279fe0822d0  https://cdn.modrinth.com/data/GpyBM69F/versions/oYCeMLy6/TradeCycle-2.1.0.jar
plugin  TAB            6.2.0            f94331947134242efa478b9b9bf04b29e37861721dee58c32b7ea57779aa735e  https://cdn.modrinth.com/data/gG7VFbG0/versions/UDraViyI/TAB%20v6.2.0.jar
plugin  LibertyBans    1.1.4            57303df011ff49747856af4ed818546f19b5dd84b8c627a6666431d0df962634  https://cdn.modrinth.com/data/PgXAUxLZ/versions/7WLjonzv/LibertyBans_Release-1.1.4.jar

datapack  10-tectonic                       3.0.25-datapack   cc925878fd40f2e01533f526d1684efa064eb4caaabb33d63fe0b3dbb5fb8640  https://cdn.modrinth.com/data/lWDHr9jE/versions/CmzMQNDL/tectonic-datapack-3.0.25.zip
datapack  20-dungeons-and-taverns           5.3.2             4096cd6372e0f244efa0e85c4d884bd85afe665a84a050280acd483b3222b4f9  https://cdn.modrinth.com/data/tpehi7ww/versions/CS77UwHE/Dungeons%20and%20Taverns%20v5.3.2.zip
datapack  30-dnt-ancient-city-overhaul      3.4               58d08fd6a8c5a746704954c7b30e9e111573443b7e402cebaeda6807239f521a  https://cdn.modrinth.com/data/DNuNq5bb/versions/CaqYtto5/DnT%20Ancient%20City%20Overhaul%20v3.4.zip
datapack  30-dnt-desert-temple-overhaul     v2.1              e801c13e466fc73d3f3f0907754a7843cbfc59c38a79622db4724d3b6c409759  https://cdn.modrinth.com/data/7JTDDmRT/versions/tOWwOzy4/DnT%20Desert%20Temple%20Overhaul%20v2.1.zip
datapack  30-dnt-mineshaft-overhaul         1.1               2ba666cafc4158373341fcb18a5da2b81ced4f8cee5ec2e33552d7fcd2bfa04a  https://cdn.modrinth.com/data/ozLFhOy3/versions/86yJFqzT/DnT%20Mineshaft%20Overhaul%20v1.1.zip
datapack  30-dnt-nether-fortress-overhaul   v3.1              cc0eb3e575a1fb36b6a4bdf85386f3068e4d14f4637994baa0cec296c4cf935d  https://cdn.modrinth.com/data/8Dbnvm77/versions/3u94EXVg/DnT%20Nether%20Fortress%20Overhaul%20v3.1.zip
datapack  30-dnt-ocean-monument-overhaul    2.2.1             dc8aaa6c12221fd25f255a8da2dd48afee5ff4b3667a453ec48f547b669a5b44  https://cdn.modrinth.com/data/z6GJ3ycD/versions/IX2JzD1k/DnT%20Ocean%20Monument%20Overhaul%20v2.2.1.zip
datapack  30-dnt-pillager-outpost-overhaul  v3.3              98f2e572c851d69ac2eda61d6beefb10396fba28471c2f6a66212b8832186309  https://cdn.modrinth.com/data/QIt10I7z/versions/uAHOlrKb/DnT%20Pillager%20Outpost%20Overhaul%20v3.3.zip
datapack  30-dnt-stronghold-overhaul        v2.4.0            535206b37b00151a44d495dcd1d769fc5301e85595261803f7a40bb7487cb35c  https://cdn.modrinth.com/data/rYocd2LE/versions/L1ylllq1/DnT%20Stronghold%20Overhaul%20v2.4.0.zip
datapack  30-dnt-swamp-hut-overhaul         v2.3              0085e729f0f9bd65d001e63407bc5ca8a50529af6bc1681861c2a6b128fa9734  https://cdn.modrinth.com/data/nWSeFpQt/versions/t2gIpNuq/DnT%20Swamp%20Hut%20Overhaul%20v2.3.zip
datapack  30-dnt-woodland-mansion-overhaul  2.1               638b37b86948be1dd348aedc91ec5650c6b73dd6165491b9a9908a2fb27349a3  https://cdn.modrinth.com/data/3GfxWFCy/versions/sIwi7RFy/DnT%20Woodland%20Mansion%20Overhual%20v2.1.zip
datapack  40-dnt-enchant-disabler           4.4               7f439ce61e688bc76857ba633c2dd2de6fa6d1a0167c533a8bbe09ee76f14f36  https://cdn.modrinth.com/data/jr7t09l6/versions/cLq5AoVs/Enchant%20Disabler%20for%20DnT%205.3.0.zip
datapack  50-bacap                          1.21              c71d1aa1a84dbe00a3f85a42144b46214c4669a3cccf07ff66631d28f16a99b2  https://cdn.modrinth.com/data/VoVJ47kN/versions/Y2zZ5eSs/BlazeandCave%27s%20Advancements%20Pack%201.21.zip
datapack  51-bacaped                        2.9.2             6868ba9331356435c041a7bcb3b61f6883bd420535b69b1c6ac737f83ca5bc05  https://cdn.modrinth.com/data/Qx9yFN48/versions/Drxj6pcN/BACAP_Enhanced_Discoveries_2.9.2.zip
datapack  60-players-drop-heads             107.1             300c62a6890beecdae1778d31c3ff82909256fdc2e855af92297554e92858c7b  https://cdn.modrinth.com/data/NU7qMnLN/versions/Nf8uzHHy/players-drop-heads-26.2-107.1.zip

library  paper-api                        26.2.build.129-stable  f469d110d164a4ee7cb2428710cd6e433108eca8d8e0aebd6452547f408469a6  https://repo.papermc.io/repository/maven-public/io/papermc/paper/paper-api/26.2.build.129-stable/paper-api-26.2.build.129-stable.jar
library  adventure-api                    5.2.0                  7e52fe7190be3e87b3b3f71712cfa12315fcd27109f302a7b440c12f01fae827  https://repo1.maven.org/maven2/net/kyori/adventure-api/5.2.0/adventure-api-5.2.0.jar
library  adventure-key                    5.2.0                  0184d173200e2eef8fbc791f622d1d58fd459f8930c616b5a4fe79e83eda6c55  https://repo1.maven.org/maven2/net/kyori/adventure-key/5.2.0/adventure-key-5.2.0.jar
library  adventure-text-serializer-plain  5.2.0                  f6424cc038a631b79cc4b74b6b353d5d007c99b38f9be482e0c2448a00eecd21  https://repo1.maven.org/maven2/net/kyori/adventure-text-serializer-plain/5.2.0/adventure-text-serializer-plain-5.2.0.jar
library  guava                            33.6.0-jre             dc573e1fca4fd5454f4a5fd3d7da2df03002876a4175bafc14a95980dd7713b3  https://repo1.maven.org/maven2/com/google/guava/guava/33.6.0-jre/guava-33.6.0-jre.jar
library  jetbrains-annotations            26.1.0                 ebc7aec252ed0c7d2d04c039d7f00e69f7b86b1f493c741d67b3ef31b986b054  https://repo1.maven.org/maven2/org/jetbrains/annotations/26.1.0/annotations-26.1.0.jar
library  voicechat-api                    2.6.24                 d827114efa4913c2727e8ec92ef4b1473a93a47452f5b05a72e6a3cbacda22ed  https://maven.maxhenkel.de/repository/public/de/maxhenkel/voicechat/voicechat-api/2.6.24/voicechat-api-2.6.24.jar
